// !$*UTF8*$!
{
	archiveVersion = 1;
	classes = {
	};
	objectVersion = 48;
	objects = {

/* Begin PBXBuildFile section */
		29156E6920713CFF008CC365 /* cardCrop167.png in Resources */ = {isa = PBXBuildFile; fileRef = 29156E6820713CFF008CC365 /* cardCrop167.png */; };
		294C85382066C69F00098FFF /* AnswersViewController.swift in Sources */ = {isa = PBXBuildFile; fileRef = 294C85372066C69F00098FFF /* AnswersViewController.swift */; };
		2956A38B206FFF4E00A5604C /* card.png in Resources */ = {isa = PBXBuildFile; fileRef = 2956A38A206FFF4E00A5604C /* card.png */; };
		29BE31DA2066B9EF0032BAE0 /* AppDelegate.swift in Sources */ = {isa = PBXBuildFile; fileRef = 29BE31D92066B9EF0032BAE0 /* AppDelegate.swift */; };
		29BE31DC2066B9EF0032BAE0 /* ViewController.swift in Sources */ = {isa = PBXBuildFile; fileRef = 29BE31DB2066B9EF0032BAE0 /* ViewController.swift */; };
		29BE31DF2066B9EF0032BAE0 /* Main.storyboard in Resources */ = {isa = PBXBuildFile; fileRef = 29BE31DD2066B9EF0032BAE0 /* Main.storyboard */; };
		29BE31E12066B9EF0032BAE0 /* Assets.xcassets in Resources */ = {isa = PBXBuildFile; fileRef = 29BE31E02066B9EF0032BAE0 /* Assets.xcassets */; };
		29BE31E42066B9EF0032BAE0 /* LaunchScreen.storyboard in Resources */ = {isa = PBXBuildFile; fileRef = 29BE31E22066B9EF0032BAE0 /* LaunchScreen.storyboard */; };
/* End PBXBuildFile section */

/* Begin PBXFileReference section */
		29156E6820713CFF008CC365 /* cardCrop167.png */ = {isa = PBXFileReference; lastKnownFileType = image.png; path = cardCrop167.png; sourceTree = "<group>"; };
		294ADD052071E4B600D9CA20 /* MathCards.xcodeproj */ = {isa = PBXFileReference; lastKnownFileType = "wrapper.pb-project"; path = MathCards.xcodeproj; sourceTree = "<group>"; };
		294C85372066C69F00098FFF /* AnswersViewController.swift */ = {isa = PBXFileReference; lastKnownFileType = sourcecode.swift; path = AnswersViewController.swift; sourceTree = "<group>"; };
		2956A38A206FFF4E00A5604C /* card.png */ = {isa = PBXFileReference; lastKnownFileType = image.png; path = card.png; sourceTree = "<group>"; };
		29BE31D62066B9EF0032BAE0 /* MathCards.app */ = {isa = PBXFileReference; explicitFileType = wrapper.application; includeInIndex = 0; path = MathCards.app; sourceTree = BUILT_PRODUCTS_DIR; };
		29BE31D92066B9EF0032BAE0 /* AppDelegate.swift */ = {isa = PBXFileReference; lastKnownFileType = sourcecode.swift; path = AppDelegate.swift; sourceTree = "<group>"; };
		29BE31DB2066B9EF0032BAE0 /* ViewController.swift */ = {isa = PBXFileReference; lastKnownFileType = sourcecode.swift; path = ViewController.swift; sourceTree = "<group>"; };
		29BE31DE2066B9EF0032BAE0 /* Base */ = {isa = PBXFileReference; lastKnownFileType = file.storyboard; name = Base; path = Base.lproj/Main.storyboard; sourceTree = "<group>"; };
		29BE31E02066B9EF0032BAE0 /* Assets.xcassets */ = {isa = PBXFileReference; lastKnownFileType = folder.assetcatalog; path = Assets.xcassets; sourceTree = "<group>"; };
		29BE31E32066B9EF0032BAE0 /* Base */ = {isa = PBXFileReference; lastKnownFileType = file.storyboard; name = Base; path = Base.lproj/LaunchScreen.storyboard; sourceTree = "<group>"; };
		29BE31E52066B9EF0032BAE0 /* Info.plist */ = {isa = PBXFileReference; lastKnownFileType = text.plist.xml; path = Info.plist; sourceTree = "<group>"; };
/* End PBXFileReference section */

/* Begin PBXFrameworksBuildPhase section */
		29BE31D32066B9EF0032BAE0 /* Frameworks */ = {
			isa = PBXFrameworksBuildPhase;
			buildActionMask = 2147483647;
			files = (
			);
			runOnlyForDeploymentPostprocessing = 0;
		};
/* End PBXFrameworksBuildPhase section */

/* Begin PBXGroup section */
		294ADCFF2071DF8800D9CA20 /* Frameworks */ = {
			isa = PBXGroup;
			children = (
			);
			name = Frameworks;
			sourceTree = "<group>";
		};
		294ADD062071E4B600D9CA20 /* Products */ = {
			isa = PBXGroup;
			name = Products;
			sourceTree = "<group>";
		};
		29BE31CD2066B9EF0032BAE0 = {
			isa = PBXGroup;
			children = (
				294ADD052071E4B600D9CA20 /* MathCards.xcodeproj */,
				29BE31D82066B9EF0032BAE0 /* MathCards */,
				29BE31D72066B9EF0032BAE0 /* Products */,
				294ADCFF2071DF8800D9CA20 /* Frameworks */,
			);
			sourceTree = "<group>";
		};
		29BE31D72066B9EF0032BAE0 /* Products */ = {
			isa = PBXGroup;
			children = (
				29BE31D62066B9EF0032BAE0 /* MathCards.app */,
			);
			name = Products;
			sourceTree = "<group>";
		};
		29BE31D82066B9EF0032BAE0 /* MathCards */ = {
			isa = PBXGroup;
			children = (
				29BE31D92066B9EF0032BAE0 /* AppDelegate.swift */,
				29BE31DB2066B9EF0032BAE0 /* ViewController.swift */,
				29BE31DD2066B9EF0032BAE0 /* Main.storyboard */,
				294C85372066C69F00098FFF /* AnswersViewController.swift */,
				29BE31E02066B9EF0032BAE0 /* Assets.xcassets */,
				29156E6820713CFF008CC365 /* cardCrop167.png */,
				2956A38A206FFF4E00A5604C /* card.png */,
				29BE31E22066B9EF0032BAE0 /* LaunchScreen.storyboard */,
				29BE31E52066B9EF0032BAE0 /* Info.plist */,
			);
			path = MathCards;
			sourceTree = "<group>";
		};
/* End PBXGroup section */

/* Begin PBXNativeTarget section */
		29BE31D52066B9EF0032BAE0 /* MathCards */ = {
			isa = PBXNativeTarget;
			buildConfigurationList = 29BE31E82066B9EF0032BAE0 /* Build configuration list for PBXNativeTarget "MathCards" */;
			buildPhases = (
				29BE31D22066B9EF0032BAE0 /* Sources */,
				29BE31D32066B9EF0032BAE0 /* Frameworks */,
				29BE31D42066B9EF0032BAE0 /* Resources */,
			);
			buildRules = (
			);
			dependencies = (
			);
			name = MathCards;
			productName = MathCards;
			productReference = 29BE31D62066B9EF0032BAE0 /* MathCards.app */;
			productType = "com.apple.product-type.application";
		};
/* End PBXNativeTarget section */

/* Begin PBXProject section */
		29BE31CE2066B9EF0032BAE0 /* Project object */ = {
			isa = PBXProject;
			attributes = {
				LastSwiftUpdateCheck = 0920;
				LastUpgradeCheck = 0920;
				ORGANIZATIONNAME = "Shawn Klein";
				TargetAttributes = {
					29BE31D52066B9EF0032BAE0 = {
						CreatedOnToolsVersion = 9.2;
						LastSwiftMigration = 0920;
						ProvisioningStyle = Automatic;
					};
				};
			};
			buildConfigurationList = 29BE31D12066B9EF0032BAE0 /* Build configuration list for PBXProject "MathCards" */;
			compatibilityVersion = "Xcode 8.0";
			developmentRegion = en;
			hasScannedForEncodings = 0;
			knownRegions = (
				en,
				Base,
			);
			mainGroup = 29BE31CD2066B9EF0032BAE0;
			productRefGroup = 29BE31D72066B9EF0032BAE0 /* Products */;
			projectDirPath = "";
			projectReferences = (
				{
					ProductGroup = 294ADD062071E4B600D9CA20 /* Products */;
					ProjectRef = 294ADD052071E4B600D9CA20 /* MathCards.xcodeproj */;
				},
			);
			projectRoot = "";
			targets = (
				29BE31D52066B9EF0032BAE0 /* MathCards */,
			);
		};
/* End PBXProject section */

/* Begin PBXResourcesBuildPhase section */
		29BE31D42066B9EF0032BAE0 /* Resources */ = {
			isa = PBXResourcesBuildPhase;
			buildActionMask = 2147483647;
			files = (
				29BE31E42066B9EF0032BAE0 /* LaunchScreen.storyboard in Resources */,
				2956A38B206FFF4E00A5604C /* card.png in Resources */,
				29BE31E12066B9EF0032BAE0 /* Assets.xcassets in Resources */,
				29156E6920713CFF008CC365 /* cardCrop167.png in Resources */,
				29BE31DF2066B9EF0032BAE0 /* Main.storyboard in Resources */,
			);
			runOnlyForDeploymentPostprocessing = 0;
		};
/* End PBXResourcesBuildPhase section */

/* Begin PBXSourcesBuildPhase section */
		29BE31D22066B9EF0032BAE0 /* Sources */ = {
			isa = PBXSourcesBuildPhase;
			buildActionMask = 2147483647;
			files = (
				294C85382066C69F00098FFF /* AnswersViewController.swift in Sources */,
				29BE31DC2066B9EF0032BAE0 /* ViewController.swift in Sources */,
				29BE31DA2066B9EF0032BAE0 /* AppDelegate.swift in Sources */,
			);
			runOnlyForDeploymentPostprocessing = 0;
		};
/* End PBXSourcesBuildPhase section */

/* Begin PBXVariantGroup section */
		29BE31DD2066B9EF0032BAE0 /* Main.storyboard */ = {
			isa = PBXVariantGroup;
			children = (
				29BE31DE2066B9EF0032BAE0 /* Base */,
			);
			name = Main.storyboard;
			sourceTree = "<group>";
		};
		29BE31E22066B9EF0032BAE0 /* LaunchScreen.storyboard */ = {
			isa = PBXVariantGroup;
			children = (
				29BE31E32066B9EF0032BAE0 /* Base */,
			);
			name = LaunchScreen.storyboard;
			sourceTree = "<group>";
		};
/* End PBXVariantGroup section */

/* Begin XCBuildConfiguration section */
		29BE31E62066B9EF0032BAE0 /* Debug */ = {
			isa = XCBuildConfiguration;
			buildSettings = {
				ALWAYS_SEARCH_USER_PATHS = NO;
				CLANG_ANALYZER_NONNULL = YES;
				CLANG_ANALYZER_NUMBER_OBJECT_CONVERSION = YES_AGGRESSIVE;
				CLANG_CXX_LANGUAGE_STANDARD = "gnu++14";
				CLANG_CXX_LIBRARY = "libc++";
				CLANG_ENABLE_MODULES = YES;
				CLANG_ENABLE_OBJC_ARC = YES;
				CLANG_WARN_BLOCK_CAPTURE_AUTORELEASING = YES;
				CLANG_WARN_BOOL_CONVERSION = YES;
				CLANG_WARN_COMMA = YES;
				CLANG_WARN_CONSTANT_CONVERSION = YES;
				CLANG_WARN_DIRECT_OBJC_ISA_USAGE = YES_ERROR;
				CLANG_WARN_DOCUMENTATION_COMMENTS = YES;
				CLANG_WARN_EMPTY_BODY = YES;
				CLANG_WARN_ENUM_CONVERSION = YES;
				CLANG_WARN_INFINITE_RECURSION = YES;
				CLANG_WARN_INT_CONVERSION = YES;
				CLANG_WARN_NON_LITERAL_NULL_CONVERSION = YES;
				CLANG_WARN_OBJC_LITERAL_CONVERSION = YES;
				CLANG_WARN_OBJC_ROOT_CLASS = YES_ERROR;
				CLANG_WARN_RANGE_LOOP_ANALYSIS = YES;
				CLANG_WARN_STRICT_PROTOTYPES = YES;
				CLANG_WARN_SUSPICIOUS_MOVE = YES;
				CLANG_WARN_UNGUARDED_AVAILABILITY = YES_AGGRESSIVE;
				CLANG_WARN_UNREACHABLE_CODE = YES;
				CLANG_WARN__DUPLICATE_METHOD_MATCH = YES;
				CODE_SIGN_IDENTITY = "iPhone Developer";
				COPY_PHASE_STRIP = NO;
				DEBUG_INFORMATION_FORMAT = dwarf;
				ENABLE_STRICT_OBJC_MSGSEND = YES;
				ENABLE_TESTABILITY = YES;
				GCC_C_LANGUAGE_STANDARD = gnu11;
				GCC_DYNAMIC_NO_PIC = NO;
				GCC_NO_COMMON_BLOCKS = YES;
				GCC_OPTIMIZATION_LEVEL = 0;
				GCC_PREPROCESSOR_DEFINITIONS = (
					"DEBUG=1",
					"$(inherited)",
				);
				GCC_WARN_64_TO_32_BIT_CONVERSION = YES;
				GCC_WARN_ABOUT_RETURN_TYPE = YES_ERROR;
				GCC_WARN_UNDECLARED_SELECTOR = YES;
				GCC_WARN_UNINITIALIZED_AUTOS = YES_AGGRESSIVE;
				GCC_WARN_UNUSED_FUNCTION = YES;
				GCC_WARN_UNUSED_VARIABLE = YES;
				IPHONEOS_DEPLOYMENT_TARGET = 10.0;
				MTL_ENABLE_DEBUG_INFO = YES;
				ONLY_ACTIVE_ARCH = YES;
				SDKROOT = iphoneos;
				SWIFT_ACTIVE_COMPILATION_CONDITIONS = DEBUG;
				SWIFT_OPTIMIZATION_LEVEL = "-Onone";
			};
			name = Debug;
		};
		29BE31E72066B9EF0032BAE0 /* Release */ = {
			isa = XCBuildConfiguration;
			buildSettings = {
				ALWAYS_SEARCH_USER_PATHS = NO;
				CLANG_ANALYZER_NONNULL = YES;
				CLANG_ANALYZER_NUMBER_OBJECT_CONVERSION = YES_AGGRESSIVE;
				CLANG_CXX_LANGUAGE_STANDARD = "gnu++14";
				CLANG_CXX_LIBRARY = "libc++";
				CLANG_ENABLE_MODULES = YES;
				CLANG_ENABLE_OBJC_ARC = YES;
				CLANG_WARN_BLOCK_CAPTURE_AUTORELEASING = YES;
				CLANG_WARN_BOOL_CONVERSION = YES;
				CLANG_WARN_COMMA = YES;
				CLANG_WARN_CONSTANT_CONVERSION = YES;
				CLANG_WARN_DIRECT_OBJC_ISA_USAGE = YES_ERROR;
				CLANG_WARN_DOCUMENTATION_COMMENTS = YES;
				CLANG_WARN_EMPTY_BODY = YES;
				CLANG_WARN_ENUM_CONVERSION = YES;
				CLANG_WARN_INFINITE_RECURSION = YES;
				CLANG_WARN_INT_CONVERSION = YES;
				CLANG_WARN_NON_LITERAL_NULL_CONVERSION = YES;
				CLANG_WARN_OBJC_LITERAL_CONVERSION = YES;
				CLANG_WARN_OBJC_ROOT_CLASS = YES_ERROR;
				CLANG_WARN_RANGE_LOOP_ANALYSIS = YES;
				CLANG_WARN_STRICT_PROTOTYPES = YES;
				CLANG_WARN_SUSPICIOUS_MOVE = YES;
				CLANG_WARN_UNGUARDED_AVAILABILITY = YES_AGGRESSIVE;
				CLANG_WARN_UNREACHABLE_CODE = YES;
				CLANG_WARN__DUPLICATE_METHOD_MATCH = YES;
				CODE_SIGN_IDENTITY = "iPhone Developer";
				COPY_PHASE_STRIP = NO;
				DEBUG_INFORMATION_FORMAT = "dwarf-with-dsym";
				ENABLE_NS_ASSERTIONS = NO;
				ENABLE_STRICT_OBJC_MSGSEND = YES;
				GCC_C_LANGUAGE_STANDARD = gnu11;
				GCC_NO_COMMON_BLOCKS = YES;
				GCC_WARN_64_TO_32_BIT_CONVERSION = YES;
				GCC_WARN_ABOUT_RETURN_TYPE = YES_ERROR;
				GCC_WARN_UNDECLARED_SELECTOR = YES;
				GCC_WARN_UNINITIALIZED_AUTOS = YES_AGGRESSIVE;
				GCC_WARN_UNUSED_FUNCTION = YES;
				GCC_WARN_UNUSED_VARIABLE = YES;
				IPHONEOS_DEPLOYMENT_TARGET = 10.0;
				MTL_ENABLE_DEBUG_INFO = NO;
				SDKROOT = iphoneos;
				SWIFT_OPTIMIZATION_LEVEL = "-Owholemodule";
				VALIDATE_PRODUCT = YES;
			};
			name = Release;
		};
		29BE31E92066B9EF0032BAE0 /* Debug */ = {
			isa = XCBuildConfiguration;
			buildSettings = {
				ASSETCATALOG_COMPILER_APPICON_NAME = AppIcon;
				CLANG_ENABLE_MODULES = YES;
				CODE_SIGN_STYLE = Automatic;
				DEVELOPMENT_TEAM = K542JDSF9F;
				INFOPLIST_FILE = MathCards/Info.plist;
				LD_RUNPATH_SEARCH_PATHS = "$(inherited) @executable_path/Frameworks";
				PRODUCT_BUNDLE_IDENTIFIER = net.ShawnKlein.CalculusCards;
				PRODUCT_NAME = "$(TARGET_NAME)";
				SWIFT_OPTIMIZATION_LEVEL = "-Onone";
				SWIFT_VERSION = 4.0;
				TARGETED_DEVICE_FAMILY = "1,2";
			};
			name = Debug;
		};
		29BE31EA2066B9EF0032BAE0 /* Release */ = {
			isa = XCBuildConfiguration;
			buildSettings = {
				ASSETCATALOG_COMPILER_APPICON_NAME = AppIcon;
				CLANG_ENABLE_MODULES = YES;
				CODE_SIGN_STYLE = Automatic;
				DEVELOPMENT_TEAM = K542JDSF9F;
				INFOPLIST_FILE = MathCards/Info.plist;
				LD_RUNPATH_SEARCH_PATHS = "$(inherited) @executable_path/Frameworks";
				PRODUCT_BUNDLE_IDENTIFIER = net.ShawnKlein.CalculusCards;
				PRODUCT_NAME = "$(TARGET_NAME)";
				SWIFT_VERSION = 4.0;
				TARGETED_DEVICE_FAMILY = "1,2";
			};
			name = Release;
		};
/* End XCBuildConfiguration section */

/* Begin XCConfigurationList section */
		29BE31D12066B9EF0032BAE0 /* Build configuration list for PBXProject "MathCards" */ = {
			isa = XCConfigurationList;
			buildConfigurations = (
				29BE31E62066B9EF0032BAE0 /* Debug */,
				29BE31E72066B9EF0032BAE0 /* Release */,
			);
			defaultConfigurationIsVisible = 0;
			defaultConfigurationName = Release;
		};
		29BE31E82066B9EF0032BAE0 /* Build configuration list for PBXNativeTarget "MathCards" */ = {
			isa = XCConfigurationList;
			buildConfigurations = (
				29BE31E92066B9EF0032BAE0 /* Debug */,
				29BE31EA2066B9EF0032BAE0 /* Release */,
			);
			defaultConfigurationIsVisible = 0;
			defaultConfigurationName = Release;
		};
/* End XCConfigurationList section */
	};
	rootObject = 29BE31CE2066B9EF0032BAE0 /* Project object */;
}
